
Microsoft Visual Studio Solution File, Format Version 12.00
# Visual Studio Version 17
VisualStudioVersion = 17.3.32819.101
MinimumVisualStudioVersion = 10.0.40219.1
Project("{FAE04EC0-301F-11D3-BF4B-00C04F79EFBC}") = "Ticket", "Ticket.csproj", "{5A9F25E2-79C8-4561-ABAD-C590DF1FA90D}"
EndProject
Global
	GlobalSection(SolutionConfigurationPlatforms) = preSolution
		Debug|Any CPU = Debug|Any CPU
		Release|Any CPU = Release|Any CPU
	EndGlobalSection
	GlobalSection(ProjectConfigurationPlatforms) = postSolution
		{5A9F25E2-79C8-4561-ABAD-C590DF1FA90D}.Debug|Any CPU.ActiveCfg = Debug|Any CPU
		{5A9F25E2-79C8-4561-ABAD-C590DF1FA90D}.Debug|Any CPU.Build.0 = Debug|Any CPU
		{5A9F25E2-79C8-4561-ABAD-C590DF1FA90D}.Release|Any CPU.ActiveCfg = Release|Any CPU
		{5A9F25E2-79C8-4561-ABAD-C590DF1FA90D}.Release|Any CPU.Build.0 = Release|Any CPU
	EndGlobalSection
	GlobalSection(SolutionProperties) = preSolution
		HideSolutionNode = FALSE
	EndGlobalSection
	GlobalSection(ExtensibilityGlobals) = postSolution
		SolutionGuid = {913495E7-4F23-4515-A6B1-A4F264A26E97}
	EndGlobalSection
EndGlobal
